// !$*UTF8*$!
{
	archiveVersion = 1;
	classes = {
	};
	objectVersion = 48;
	objects = {

/* Begin PBXBuildFile section */
		391AEA4A1F80D89700FDB639 /* AppDelegate.m in Sources */ = {isa = PBXBuildFile; fileRef = 391AEA491F80D89700FDB639 /* AppDelegate.m */; };
		391AEA4D1F80D89700FDB639 /* ViewController.m in Sources */ = {isa = PBXBuildFile; fileRef = 391AEA4C1F80D89700FDB639 /* ViewController.m */; };
		391AEA501F80D89700FDB639 /* Main.storyboard in Resources */ = {isa = PBXBuildFile; fileRef = 391AEA4E1F80D89700FDB639 /* Main.storyboard */; };
		391AEA521F80D89700FDB639 /* Assets.xcassets in Resources */ = {isa = PBXBuildFile; fileRef = 391AEA511F80D89700FDB639 /* Assets.xcassets */; };
		391AEA551F80D89700FDB639 /* LaunchScreen.storyboard in Resources */ = {isa = PBXBuildFile; fileRef = 391AEA531F80D89700FDB639 /* LaunchScreen.storyboard */; };
		391AEA581F80D89700FDB639 /* main.m in Sources */ = {isa = PBXBuildFile; fileRef = 391AEA571F80D89700FDB639 /* main.m */; };
		391AEA611F80DA0100FDB639 /* Observable.m in Sources */ = {isa = PBXBuildFile; fileRef = 391AEA601F80DA0100FDB639 /* Observable.m */; };
		391AEA651F80ED8900FDB639 /* specificObserver1.m in Sources */ = {isa = PBXBuildFile; fileRef = 391AEA641F80ED8900FDB639 /* specificObserver1.m */; };
		391AEA681F80EE4A00FDB639 /* specificObserver2.m in Sources */ = {isa = PBXBuildFile; fileRef = 391AEA671F80EE4A00FDB639 /* specificObserver2.m */; };
		391AEA6B1F81176A00FDB639 /* specificObservable.m in Sources */ = {isa = PBXBuildFile; fileRef = 391AEA6A1F81176A00FDB639 /* specificObservable.m */; };
/* End PBXBuildFile section */

/* Begin PBXFileReference section */
		391AEA451F80D89700FDB639 /* Observer_OC_Demo.app */ = {isa = PBXFileReference; explicitFileType = wrapper.application; includeInIndex = 0; path = Observer_OC_Demo.app; sourceTree = BUILT_PRODUCTS_DIR; };
		391AEA481F80D89700FDB639 /* AppDelegate.h */ = {isa = PBXFileReference; lastKnownFileType = sourcecode.c.h; path = AppDelegate.h; sourceTree = "<group>"; };
		391AEA491F80D89700FDB639 /* AppDelegate.m */ = {isa = PBXFileReference; lastKnownFileType = sourcecode.c.objc; path = AppDelegate.m; sourceTree = "<group>"; };
		391AEA4B1F80D89700FDB639 /* ViewController.h */ = {isa = PBXFileReference; lastKnownFileType = sourcecode.c.h; path = ViewController.h; sourceTree = "<group>"; };
		391AEA4C1F80D89700FDB639 /* ViewController.m */ = {isa = PBXFileReference; lastKnownFileType = sourcecode.c.objc; path = ViewController.m; sourceTree = "<group>"; };
		391AEA4F1F80D89700FDB639 /* Base */ = {isa = PBXFileReference; lastKnownFileType = file.storyboard; name = Base; path = Base.lproj/Main.storyboard; sourceTree = "<group>"; };
		391AEA511F80D89700FDB639 /* Assets.xcassets */ = {isa = PBXFileReference; lastKnownFileType = folder.assetcatalog; path = Assets.xcassets; sourceTree = "<group>"; };
		391AEA541F80D89700FDB639 /* Base */ = {isa = PBXFileReference; lastKnownFileType = file.storyboard; name = Base; path = Base.lproj/LaunchScreen.storyboard; sourceTree = "<group>"; };
		391AEA561F80D89700FDB639 /* Info.plist */ = {isa = PBXFileReference; lastKnownFileType = text.plist.xml; path = Info.plist; sourceTree = "<group>"; };
		391AEA571F80D89700FDB639 /* main.m */ = {isa = PBXFileReference; lastKnownFileType = sourcecode.c.objc; path = main.m; sourceTree = "<group>"; };
		391AEA5F1F80DA0100FDB639 /* Observable.h */ = {isa = PBXFileReference; lastKnownFileType = sourcecode.c.h; path = Observable.h; sourceTree = "<group>"; };
		391AEA601F80DA0100FDB639 /* Observable.m */ = {isa = PBXFileReference; lastKnownFileType = sourcecode.c.objc; path = Observable.m; sourceTree = "<group>"; };
		391AEA621F80DAAC00FDB639 /* Observer.h */ = {isa = PBXFileReference; lastKnownFileType = sourcecode.c.h; path = Observer.h; sourceTree = "<group>"; };
		391AEA631F80ED8900FDB639 /* specificObserver1.h */ = {isa = PBXFileReference; lastKnownFileType = sourcecode.c.h; path = specificObserver1.h; sourceTree = "<group>"; };
		391AEA641F80ED8900FDB639 /* specificObserver1.m */ = {isa = PBXFileReference; lastKnownFileType = sourcecode.c.objc; path = specificObserver1.m; sourceTree = "<group>"; };
		391AEA661F80EE4A00FDB639 /* specificObserver2.h */ = {isa = PBXFileReference; lastKnownFileType = sourcecode.c.h; path = specificObserver2.h; sourceTree = "<group>"; };
		391AEA671F80EE4A00FDB639 /* specificObserver2.m */ = {isa = PBXFileReference; lastKnownFileType = sourcecode.c.objc; path = specificObserver2.m; sourceTree = "<group>"; };
		391AEA691F81176A00FDB639 /* specificObservable.h */ = {isa = PBXFileReference; lastKnownFileType = sourcecode.c.h; path = specificObservable.h; sourceTree = "<group>"; };
		391AEA6A1F81176A00FDB639 /* specificObservable.m */ = {isa = PBXFileReference; lastKnownFileType = sourcecode.c.objc; path = specificObservable.m; sourceTree = "<group>"; };
/* End PBXFileReference section */

/* Begin PBXFrameworksBuildPhase section */
		391AEA421F80D89700FDB639 /* Frameworks */ = {
			isa = PBXFrameworksBuildPhase;
			buildActionMask = 2147483647;
			files = (
			);
			runOnlyForDeploymentPostprocessing = 0;
		};
/* End PBXFrameworksBuildPhase section */

/* Begin PBXGroup section */
		391AEA3C1F80D89700FDB639 = {
			isa = PBXGroup;
			children = (
				391AEA471F80D89700FDB639 /* Observer_OC_Demo */,
				391AEA461F80D89700FDB639 /* Products */,
			);
			sourceTree = "<group>";
		};
		391AEA461F80D89700FDB639 /* Products */ = {
			isa = PBXGroup;
			children = (
				391AEA451F80D89700FDB639 /* Observer_OC_Demo.app */,
			);
			name = Products;
			sourceTree = "<group>";
		};
		391AEA471F80D89700FDB639 /* Observer_OC_Demo */ = {
			isa = PBXGroup;
			children = (
				391AEA5E1F80D9D200FDB639 /* Observer */,
				391AEA481F80D89700FDB639 /* AppDelegate.h */,
				391AEA491F80D89700FDB639 /* AppDelegate.m */,
				391AEA4B1F80D89700FDB639 /* ViewController.h */,
				391AEA4C1F80D89700FDB639 /* ViewController.m */,
				391AEA4E1F80D89700FDB639 /* Main.storyboard */,
				391AEA511F80D89700FDB639 /* Assets.xcassets */,
				391AEA531F80D89700FDB639 /* LaunchScreen.storyboard */,
				391AEA561F80D89700FDB639 /* Info.plist */,
				391AEA571F80D89700FDB639 /* main.m */,
			);
			path = Observer_OC_Demo;
			sourceTree = "<group>";
		};
		391AEA5E1F80D9D200FDB639 /* Observer */ = {
			isa = PBXGroup;
			children = (
				391AEA5F1F80DA0100FDB639 /* Observable.h */,
				391AEA601F80DA0100FDB639 /* Observable.m */,
				391AEA691F81176A00FDB639 /* specificObservable.h */,
				391AEA6A1F81176A00FDB639 /* specificObservable.m */,
				391AEA621F80DAAC00FDB639 /* Observer.h */,
				391AEA631F80ED8900FDB639 /* specificObserver1.h */,
				391AEA641F80ED8900FDB639 /* specificObserver1.m */,
				391AEA661F80EE4A00FDB639 /* specificObserver2.h */,
				391AEA671F80EE4A00FDB639 /* specificObserver2.m */,
			);
			path = Observer;
			sourceTree = "<group>";
		};
/* End PBXGroup section */

/* Begin PBXNativeTarget section */
		391AEA441F80D89700FDB639 /* Observer_OC_Demo */ = {
			isa = PBXNativeTarget;
			buildConfigurationList = 391AEA5B1F80D89700FDB639 /* Build configuration list for PBXNativeTarget "Observer_OC_Demo" */;
			buildPhases = (
				391AEA411F80D89700FDB639 /* Sources */,
				391AEA421F80D89700FDB639 /* Frameworks */,
				391AEA431F80D89700FDB639 /* Resources */,
			);
			buildRules = (
			);
			dependencies = (
			);
			name = Observer_OC_Demo;
			productName = Observer_OC_Demo;
			productReference = 391AEA451F80D89700FDB639 /* Observer_OC_Demo.app */;
			productType = "com.apple.product-type.application";
		};
/* End PBXNativeTarget section */

/* Begin PBXProject section */
		391AEA3D1F80D89700FDB639 /* Project object */ = {
			isa = PBXProject;
			attributes = {
				LastUpgradeCheck = 0900;
				ORGANIZATIONNAME = TXP;
				TargetAttributes = {
					391AEA441F80D89700FDB639 = {
						CreatedOnToolsVersion = 9.0;
						ProvisioningStyle = Automatic;
					};
				};
			};
			buildConfigurationList = 391AEA401F80D89700FDB639 /* Build configuration list for PBXProject "Observer_OC_Demo" */;
			compatibilityVersion = "Xcode 8.0";
			developmentRegion = en;
			hasScannedForEncodings = 0;
			knownRegions = (
				en,
				Base,
			);
			mainGroup = 391AEA3C1F80D89700FDB639;
			productRefGroup = 391AEA461F80D89700FDB639 /* Products */;
			projectDirPath = "";
			projectRoot = "";
			targets = (
				391AEA441F80D89700FDB639 /* Observer_OC_Demo */,
			);
		};
/* End PBXProject section */

/* Begin PBXResourcesBuildPhase section */
		391AEA431F80D89700FDB639 /* Resources */ = {
			isa = PBXResourcesBuildPhase;
			buildActionMask = 2147483647;
			files = (
				391AEA551F80D89700FDB639 /* LaunchScreen.storyboard in Resources */,
				391AEA521F80D89700FDB639 /* Assets.xcassets in Resources */,
				391AEA501F80D89700FDB639 /* Main.storyboard in Resources */,
			);
			runOnlyForDeploymentPostprocessing = 0;
		};
/* End PBXResourcesBuildPhase section */

/* Begin PBXSourcesBuildPhase section */
		391AEA411F80D89700FDB639 /* Sources */ = {
			isa = PBXSourcesBuildPhase;
			buildActionMask = 2147483647;
			files = (
				391AEA651F80ED8900FDB639 /* specificObserver1.m in Sources */,
				391AEA6B1F81176A00FDB639 /* specificObservable.m in Sources */,
				391AEA611F80DA0100FDB639 /* Observable.m in Sources */,
				391AEA681F80EE4A00FDB639 /* specificObserver2.m in Sources */,
				391AEA4D1F80D89700FDB639 /* ViewController.m in Sources */,
				391AEA581F80D89700FDB639 /* main.m in Sources */,
				391AEA4A1F80D89700FDB639 /* AppDelegate.m in Sources */,
			);
			runOnlyForDeploymentPostprocessing = 0;
		};
/* End PBXSourcesBuildPhase section */

/* Begin PBXVariantGroup section */
		391AEA4E1F80D89700FDB639 /* Main.storyboard */ = {
			isa = PBXVariantGroup;
			children = (
				391AEA4F1F80D89700FDB639 /* Base */,
			);
			name = Main.storyboard;
			sourceTree = "<group>";
		};
		391AEA531F80D89700FDB639 /* LaunchScreen.storyboard */ = {
			isa = PBXVariantGroup;
			children = (
				391AEA541F80D89700FDB639 /* Base */,
			);
			name = LaunchScreen.storyboard;
			sourceTree = "<group>";
		};
/* End PBXVariantGroup section */

/* Begin XCBuildConfiguration section */
		391AEA591F80D89700FDB639 /* Debug */ = {
			isa = XCBuildConfiguration;
			buildSettings = {
				ALWAYS_SEARCH_USER_PATHS = NO;
				CLANG_ANALYZER_NONNULL = YES;
				CLANG_ANALYZER_NUMBER_OBJECT_CONVERSION = YES_AGGRESSIVE;
				CLANG_CXX_LANGUAGE_STANDARD = "gnu++14";
				CLANG_CXX_LIBRARY = "libc++";
				CLANG_ENABLE_MODULES = YES;
				CLANG_ENABLE_OBJC_ARC = YES;
				CLANG_WARN_BLOCK_CAPTURE_AUTORELEASING = YES;
				CLANG_WARN_BOOL_CONVERSION = YES;
				CLANG_WARN_COMMA = YES;
				CLANG_WARN_CONSTANT_CONVERSION = YES;
				CLANG_WARN_DIRECT_OBJC_ISA_USAGE = YES_ERROR;
				CLANG_WARN_DOCUMENTATION_COMMENTS = YES;
				CLANG_WARN_EMPTY_BODY = YES;
				CLANG_WARN_ENUM_CONVERSION = YES;
				CLANG_WARN_INFINITE_RECURSION = YES;
				CLANG_WARN_INT_CONVERSION = YES;
				CLANG_WARN_NON_LITERAL_NULL_CONVERSION = YES;
				CLANG_WARN_OBJC_LITERAL_CONVERSION = YES;
				CLANG_WARN_OBJC_ROOT_CLASS = YES_ERROR;
				CLANG_WARN_RANGE_LOOP_ANALYSIS = YES;
				CLANG_WARN_STRICT_PROTOTYPES = YES;
				CLANG_WARN_SUSPICIOUS_MOVE = YES;
				CLANG_WARN_UNGUARDED_AVAILABILITY = YES_AGGRESSIVE;
				CLANG_WARN_UNREACHABLE_CODE = YES;
				CLANG_WARN__DUPLICATE_METHOD_MATCH = YES;
				CODE_SIGN_IDENTITY = "iPhone Developer";
				COPY_PHASE_STRIP = NO;
				DEBUG_INFORMATION_FORMAT = dwarf;
				ENABLE_STRICT_OBJC_MSGSEND = YES;
				ENABLE_TESTABILITY = YES;
				GCC_C_LANGUAGE_STANDARD = gnu11;
				GCC_DYNAMIC_NO_PIC = NO;
				GCC_NO_COMMON_BLOCKS = YES;
				GCC_OPTIMIZATION_LEVEL = 0;
				GCC_PREPROCESSOR_DEFINITIONS = (
					"DEBUG=1",
					"$(inherited)",
				);
				GCC_WARN_64_TO_32_BIT_CONVERSION = YES;
				GCC_WARN_ABOUT_RETURN_TYPE = YES_ERROR;
				GCC_WARN_UNDECLARED_SELECTOR = YES;
				GCC_WARN_UNINITIALIZED_AUTOS = YES_AGGRESSIVE;
				GCC_WARN_UNUSED_FUNCTION = YES;
				GCC_WARN_UNUSED_VARIABLE = YES;
				IPHONEOS_DEPLOYMENT_TARGET = 11.0;
				MTL_ENABLE_DEBUG_INFO = YES;
				ONLY_ACTIVE_ARCH = YES;
				SDKROOT = iphoneos;
			};
			name = Debug;
		};
		391AEA5A1F80D89700FDB639 /* Release */ = {
			isa = XCBuildConfiguration;
			buildSettings = {
				ALWAYS_SEARCH_USER_PATHS = NO;
				CLANG_ANALYZER_NONNULL = YES;
				CLANG_ANALYZER_NUMBER_OBJECT_CONVERSION = YES_AGGRESSIVE;
				CLANG_CXX_LANGUAGE_STANDARD = "gnu++14";
				CLANG_CXX_LIBRARY = "libc++";
				CLANG_ENABLE_MODULES = YES;
				CLANG_ENABLE_OBJC_ARC = YES;
				CLANG_WARN_BLOCK_CAPTURE_AUTORELEASING = YES;
				CLANG_WARN_BOOL_CONVERSION = YES;
				CLANG_WARN_COMMA = YES;
				CLANG_WARN_CONSTANT_CONVERSION = YES;
				CLANG_WARN_DIRECT_OBJC_ISA_USAGE = YES_ERROR;
				CLANG_WARN_DOCUMENTATION_COMMENTS = YES;
				CLANG_WARN_EMPTY_BODY = YES;
				CLANG_WARN_ENUM_CONVERSION = YES;
				CLANG_WARN_INFINITE_RECURSION = YES;
				CLANG_WARN_INT_CONVERSION = YES;
				CLANG_WARN_NON_LITERAL_NULL_CONVERSION = YES;
				CLANG_WARN_OBJC_LITERAL_CONVERSION = YES;
				CLANG_WARN_OBJC_ROOT_CLASS = YES_ERROR;
				CLANG_WARN_RANGE_LOOP_ANALYSIS = YES;
				CLANG_WARN_STRICT_PROTOTYPES = YES;
				CLANG_WARN_SUSPICIOUS_MOVE = YES;
				CLANG_WARN_UNGUARDED_AVAILABILITY = YES_AGGRESSIVE;
				CLANG_WARN_UNREACHABLE_CODE = YES;
				CLANG_WARN__DUPLICATE_METHOD_MATCH = YES;
				CODE_SIGN_IDENTITY = "iPhone Developer";
				COPY_PHASE_STRIP = NO;
				DEBUG_INFORMATION_FORMAT = "dwarf-with-dsym";
				ENABLE_NS_ASSERTIONS = NO;
				ENABLE_STRICT_OBJC_MSGSEND = YES;
				GCC_C_LANGUAGE_STANDARD = gnu11;
				GCC_NO_COMMON_BLOCKS = YES;
				GCC_WARN_64_TO_32_BIT_CONVERSION = YES;
				GCC_WARN_ABOUT_RETURN_TYPE = YES_ERROR;
				GCC_WARN_UNDECLARED_SELECTOR = YES;
				GCC_WARN_UNINITIALIZED_AUTOS = YES_AGGRESSIVE;
				GCC_WARN_UNUSED_FUNCTION = YES;
				GCC_WARN_UNUSED_VARIABLE = YES;
				IPHONEOS_DEPLOYMENT_TARGET = 11.0;
				MTL_ENABLE_DEBUG_INFO = NO;
				SDKROOT = iphoneos;
				VALIDATE_PRODUCT = YES;
			};
			name = Release;
		};
		391AEA5C1F80D89700FDB639 /* Debug */ = {
			isa = XCBuildConfiguration;
			buildSettings = {
				ASSETCATALOG_COMPILER_APPICON_NAME = AppIcon;
				CODE_SIGN_STYLE = Automatic;
				INFOPLIST_FILE = Observer_OC_Demo/Info.plist;
				IPHONEOS_DEPLOYMENT_TARGET = 11.0;
				LD_RUNPATH_SEARCH_PATHS = "$(inherited) @executable_path/Frameworks";
				PRODUCT_BUNDLE_IDENTIFIER = "txx.com.www.Observer-OC-Demo";
				PRODUCT_NAME = "$(TARGET_NAME)";
				TARGETED_DEVICE_FAMILY = "1,2";
			};
			name = Debug;
		};
		391AEA5D1F80D89700FDB639 /* Release */ = {
			isa = XCBuildConfiguration;
			buildSettings = {
				ASSETCATALOG_COMPILER_APPICON_NAME = AppIcon;
				CODE_SIGN_STYLE = Automatic;
				INFOPLIST_FILE = Observer_OC_Demo/Info.plist;
				IPHONEOS_DEPLOYMENT_TARGET = 11.0;
				LD_RUNPATH_SEARCH_PATHS = "$(inherited) @executable_path/Frameworks";
				PRODUCT_BUNDLE_IDENTIFIER = "txx.com.www.Observer-OC-Demo";
				PRODUCT_NAME = "$(TARGET_NAME)";
				TARGETED_DEVICE_FAMILY = "1,2";
			};
			name = Release;
		};
/* End XCBuildConfiguration section */

/* Begin XCConfigurationList section */
		391AEA401F80D89700FDB639 /* Build configuration list for PBXProject "Observer_OC_Demo" */ = {
			isa = XCConfigurationList;
			buildConfigurations = (
				391AEA591F80D89700FDB639 /* Debug */,
				391AEA5A1F80D89700FDB639 /* Release */,
			);
			defaultConfigurationIsVisible = 0;
			defaultConfigurationName = Release;
		};
		391AEA5B1F80D89700FDB639 /* Build configuration list for PBXNativeTarget "Observer_OC_Demo" */ = {
			isa = XCConfigurationList;
			buildConfigurations = (
				391AEA5C1F80D89700FDB639 /* Debug */,
				391AEA5D1F80D89700FDB639 /* Release */,
			);
			defaultConfigurationIsVisible = 0;
			defaultConfigurationName = Release;
		};
/* End XCConfigurationList section */
	};
	rootObject = 391AEA3D1F80D89700FDB639 /* Project object */;
}
